
Microsoft Visual Studio Solution File, Format Version 12.00
# Visual Studio Version 16
VisualStudioVersion = 16.0.32413.511
MinimumVisualStudioVersion = 10.0.40219.1
Project("{FAE04EC0-301F-11D3-BF4B-00C04F79EFBC}") = "ControlApp", "ControlApp\ControlApp.csproj", "{BA957054-4153-4897-BB68-B1CB9A7A5A87}"
EndProject
Global
	GlobalSection(SolutionConfigurationPlatforms) = preSolution
		Debug|Any CPU = Debug|Any CPU
		Release|Any CPU = Release|Any CPU
	EndGlobalSection
	GlobalSection(ProjectConfigurationPlatforms) = postSolution
		{BA957054-4153-4897-BB68-B1CB9A7A5A87}.Debug|Any CPU.ActiveCfg = Debug|Any CPU
		{BA957054-4153-4897-BB68-B1CB9A7A5A87}.Debug|Any CPU.Build.0 = Debug|Any CPU
		{BA957054-4153-4897-BB68-B1CB9A7A5A87}.Release|Any CPU.ActiveCfg = Release|Any CPU
		{BA957054-4153-4897-BB68-B1CB9A7A5A87}.Release|Any CPU.Build.0 = Release|Any CPU
	EndGlobalSection
	GlobalSection(SolutionProperties) = preSolution
		HideSolutionNode = FALSE
	EndGlobalSection
	GlobalSection(ExtensibilityGlobals) = postSolution
		SolutionGuid = {28B38D3B-E0BB-4A1E-BD89-93A0EFB876E2}
	EndGlobalSection
EndGlobal
